// !$*UTF8*$!
{
	archiveVersion = 1;
	classes = {
	};
	objectVersion = 46;
	objects = {

/* Begin PBXBuildFile section */
		296906B31BAEEE8900B52648 /* AppDelegate.swift in Sources */ = {isa = PBXBuildFile; fileRef = 296906B21BAEEE8900B52648 /* AppDelegate.swift */; };
		296906B51BAEEE8900B52648 /* ViewController.swift in Sources */ = {isa = PBXBuildFile; fileRef = 296906B41BAEEE8900B52648 /* ViewController.swift */; };
		296906B81BAEEE8900B52648 /* Main.storyboard in Resources */ = {isa = PBXBuildFile; fileRef = 296906B61BAEEE8900B52648 /* Main.storyboard */; };
		296906BA1BAEEE8900B52648 /* Assets.xcassets in Resources */ = {isa = PBXBuildFile; fileRef = 296906B91BAEEE8900B52648 /* Assets.xcassets */; };
		296906BD1BAEEE8900B52648 /* LaunchScreen.storyboard in Resources */ = {isa = PBXBuildFile; fileRef = 296906BB1BAEEE8900B52648 /* LaunchScreen.storyboard */; };
		296906C51BAEF03700B52648 /* Model.swift in Sources */ = {isa = PBXBuildFile; fileRef = 296906C41BAEF03700B52648 /* Model.swift */; settings = {ASSET_TAGS = (); }; };
/* End PBXBuildFile section */

/* Begin PBXFileReference section */
		296906AF1BAEEE8900B52648 /* Delegation.app */ = {isa = PBXFileReference; explicitFileType = wrapper.application; includeInIndex = 0; path = Delegation.app; sourceTree = BUILT_PRODUCTS_DIR; };
		296906B21BAEEE8900B52648 /* AppDelegate.swift */ = {isa = PBXFileReference; lastKnownFileType = sourcecode.swift; path = AppDelegate.swift; sourceTree = "<group>"; };
		296906B41BAEEE8900B52648 /* ViewController.swift */ = {isa = PBXFileReference; lastKnownFileType = sourcecode.swift; path = ViewController.swift; sourceTree = "<group>"; };
		296906B71BAEEE8900B52648 /* Base */ = {isa = PBXFileReference; lastKnownFileType = file.storyboard; name = Base; path = Base.lproj/Main.storyboard; sourceTree = "<group>"; };
		296906B91BAEEE8900B52648 /* Assets.xcassets */ = {isa = PBXFileReference; lastKnownFileType = folder.assetcatalog; path = Assets.xcassets; sourceTree = "<group>"; };
		296906BC1BAEEE8900B52648 /* Base */ = {isa = PBXFileReference; lastKnownFileType = file.storyboard; name = Base; path = Base.lproj/LaunchScreen.storyboard; sourceTree = "<group>"; };
		296906BE1BAEEE8900B52648 /* Info.plist */ = {isa = PBXFileReference; lastKnownFileType = text.plist.xml; path = Info.plist; sourceTree = "<group>"; };
		296906C41BAEF03700B52648 /* Model.swift */ = {isa = PBXFileReference; fileEncoding = 4; lastKnownFileType = sourcecode.swift; path = Model.swift; sourceTree = "<group>"; };
/* End PBXFileReference section */

/* Begin PBXFrameworksBuildPhase section */
		296906AC1BAEEE8900B52648 /* Frameworks */ = {
			isa = PBXFrameworksBuildPhase;
			buildActionMask = 2147483647;
			files = (
			);
			runOnlyForDeploymentPostprocessing = 0;
		};
/* End PBXFrameworksBuildPhase section */

/* Begin PBXGroup section */
		296906A61BAEEE8900B52648 = {
			isa = PBXGroup;
			children = (
				296906B11BAEEE8900B52648 /* Delegation */,
				296906B01BAEEE8900B52648 /* Products */,
			);
			sourceTree = "<group>";
		};
		296906B01BAEEE8900B52648 /* Products */ = {
			isa = PBXGroup;
			children = (
				296906AF1BAEEE8900B52648 /* Delegation.app */,
			);
			name = Products;
			sourceTree = "<group>";
		};
		296906B11BAEEE8900B52648 /* Delegation */ = {
			isa = PBXGroup;
			children = (
				296906C41BAEF03700B52648 /* Model.swift */,
				296906B41BAEEE8900B52648 /* ViewController.swift */,
				296906C61BAEF04600B52648 /* Support files */,
			);
			path = Delegation;
			sourceTree = "<group>";
		};
		296906C61BAEF04600B52648 /* Support files */ = {
			isa = PBXGroup;
			children = (
				296906B61BAEEE8900B52648 /* Main.storyboard */,
				296906B91BAEEE8900B52648 /* Assets.xcassets */,
				296906BB1BAEEE8900B52648 /* LaunchScreen.storyboard */,
				296906BE1BAEEE8900B52648 /* Info.plist */,
				296906B21BAEEE8900B52648 /* AppDelegate.swift */,
			);
			name = "Support files";
			sourceTree = "<group>";
		};
/* End PBXGroup section */

/* Begin PBXNativeTarget section */
		296906AE1BAEEE8900B52648 /* Delegation */ = {
			isa = PBXNativeTarget;
			buildConfigurationList = 296906C11BAEEE8900B52648 /* Build configuration list for PBXNativeTarget "Delegation" */;
			buildPhases = (
				296906AB1BAEEE8900B52648 /* Sources */,
				296906AC1BAEEE8900B52648 /* Frameworks */,
				296906AD1BAEEE8900B52648 /* Resources */,
			);
			buildRules = (
			);
			dependencies = (
			);
			name = Delegation;
			productName = Delegation;
			productReference = 296906AF1BAEEE8900B52648 /* Delegation.app */;
			productType = "com.apple.product-type.application";
		};
/* End PBXNativeTarget section */

/* Begin PBXProject section */
		296906A71BAEEE8900B52648 /* Project object */ = {
			isa = PBXProject;
			attributes = {
				LastUpgradeCheck = 0700;
				ORGANIZATIONNAME = "Marius Horga";
				TargetAttributes = {
					296906AE1BAEEE8900B52648 = {
						CreatedOnToolsVersion = 7.0;
					};
				};
			};
			buildConfigurationList = 296906AA1BAEEE8900B52648 /* Build configuration list for PBXProject "Delegation" */;
			compatibilityVersion = "Xcode 3.2";
			developmentRegion = English;
			hasScannedForEncodings = 0;
			knownRegions = (
				en,
				Base,
			);
			mainGroup = 296906A61BAEEE8900B52648;
			productRefGroup = 296906B01BAEEE8900B52648 /* Products */;
			projectDirPath = "";
			projectRoot = "";
			targets = (
				296906AE1BAEEE8900B52648 /* Delegation */,
			);
		};
/* End PBXProject section */

/* Begin PBXResourcesBuildPhase section */
		296906AD1BAEEE8900B52648 /* Resources */ = {
			isa = PBXResourcesBuildPhase;
			buildActionMask = 2147483647;
			files = (
				296906BD1BAEEE8900B52648 /* LaunchScreen.storyboard in Resources */,
				296906BA1BAEEE8900B52648 /* Assets.xcassets in Resources */,
				296906B81BAEEE8900B52648 /* Main.storyboard in Resources */,
			);
			runOnlyForDeploymentPostprocessing = 0;
		};
/* End PBXResourcesBuildPhase section */

/* Begin PBXSourcesBuildPhase section */
		296906AB1BAEEE8900B52648 /* Sources */ = {
			isa = PBXSourcesBuildPhase;
			buildActionMask = 2147483647;
			files = (
				296906C51BAEF03700B52648 /* Model.swift in Sources */,
				296906B51BAEEE8900B52648 /* ViewController.swift in Sources */,
				296906B31BAEEE8900B52648 /* AppDelegate.swift in Sources */,
			);
			runOnlyForDeploymentPostprocessing = 0;
		};
/* End PBXSourcesBuildPhase section */

/* Begin PBXVariantGroup section */
		296906B61BAEEE8900B52648 /* Main.storyboard */ = {
			isa = PBXVariantGroup;
			children = (
				296906B71BAEEE8900B52648 /* Base */,
			);
			name = Main.storyboard;
			sourceTree = "<group>";
		};
		296906BB1BAEEE8900B52648 /* LaunchScreen.storyboard */ = {
			isa = PBXVariantGroup;
			children = (
				296906BC1BAEEE8900B52648 /* Base */,
			);
			name = LaunchScreen.storyboard;
			sourceTree = "<group>";
		};
/* End PBXVariantGroup section */

/* Begin XCBuildConfiguration section */
		296906BF1BAEEE8900B52648 /* Debug */ = {
			isa = XCBuildConfiguration;
			buildSettings = {
				ALWAYS_SEARCH_USER_PATHS = NO;
				CLANG_CXX_LANGUAGE_STANDARD = "gnu++0x";
				CLANG_CXX_LIBRARY = "libc++";
				CLANG_ENABLE_MODULES = YES;
				CLANG_ENABLE_OBJC_ARC = YES;
				CLANG_WARN_BOOL_CONVERSION = YES;
				CLANG_WARN_CONSTANT_CONVERSION = YES;
				CLANG_WARN_DIRECT_OBJC_ISA_USAGE = YES_ERROR;
				CLANG_WARN_EMPTY_BODY = YES;
				CLANG_WARN_ENUM_CONVERSION = YES;
				CLANG_WARN_INT_CONVERSION = YES;
				CLANG_WARN_OBJC_ROOT_CLASS = YES_ERROR;
				CLANG_WARN_UNREACHABLE_CODE = YES;
				CLANG_WARN__DUPLICATE_METHOD_MATCH = YES;
				"CODE_SIGN_IDENTITY[sdk=iphoneos*]" = "iPhone Developer";
				COPY_PHASE_STRIP = NO;
				DEBUG_INFORMATION_FORMAT = dwarf;
				ENABLE_STRICT_OBJC_MSGSEND = YES;
				ENABLE_TESTABILITY = YES;
				GCC_C_LANGUAGE_STANDARD = gnu99;
				GCC_DYNAMIC_NO_PIC = NO;
				GCC_NO_COMMON_BLOCKS = YES;
				GCC_OPTIMIZATION_LEVEL = 0;
				GCC_PREPROCESSOR_DEFINITIONS = (
					"DEBUG=1",
					"$(inherited)",
				);
				GCC_WARN_64_TO_32_BIT_CONVERSION = YES;
				GCC_WARN_ABOUT_RETURN_TYPE = YES_ERROR;
				GCC_WARN_UNDECLARED_SELECTOR = YES;
				GCC_WARN_UNINITIALIZED_AUTOS = YES_AGGRESSIVE;
				GCC_WARN_UNUSED_FUNCTION = YES;
				GCC_WARN_UNUSED_VARIABLE = YES;
				IPHONEOS_DEPLOYMENT_TARGET = 9.0;
				MTL_ENABLE_DEBUG_INFO = YES;
				ONLY_ACTIVE_ARCH = YES;
				SDKROOT = iphoneos;
				SWIFT_OPTIMIZATION_LEVEL = "-Onone";
			};
			name = Debug;
		};
		296906C01BAEEE8900B52648 /* Release */ = {
			isa = XCBuildConfiguration;
			buildSettings = {
				ALWAYS_SEARCH_USER_PATHS = NO;
				CLANG_CXX_LANGUAGE_STANDARD = "gnu++0x";
				CLANG_CXX_LIBRARY = "libc++";
				CLANG_ENABLE_MODULES = YES;
				CLANG_ENABLE_OBJC_ARC = YES;
				CLANG_WARN_BOOL_CONVERSION = YES;
				CLANG_WARN_CONSTANT_CONVERSION = YES;
				CLANG_WARN_DIRECT_OBJC_ISA_USAGE = YES_ERROR;
				CLANG_WARN_EMPTY_BODY = YES;
				CLANG_WARN_ENUM_CONVERSION = YES;
				CLANG_WARN_INT_CONVERSION = YES;
				CLANG_WARN_OBJC_ROOT_CLASS = YES_ERROR;
				CLANG_WARN_UNREACHABLE_CODE = YES;
				CLANG_WARN__DUPLICATE_METHOD_MATCH = YES;
				"CODE_SIGN_IDENTITY[sdk=iphoneos*]" = "iPhone Developer";
				COPY_PHASE_STRIP = NO;
				DEBUG_INFORMATION_FORMAT = "dwarf-with-dsym";
				ENABLE_NS_ASSERTIONS = NO;
				ENABLE_STRICT_OBJC_MSGSEND = YES;
				GCC_C_LANGUAGE_STANDARD = gnu99;
				GCC_NO_COMMON_BLOCKS = YES;
				GCC_WARN_64_TO_32_BIT_CONVERSION = YES;
				GCC_WARN_ABOUT_RETURN_TYPE = YES_ERROR;
				GCC_WARN_UNDECLARED_SELECTOR = YES;
				GCC_WARN_UNINITIALIZED_AUTOS = YES_AGGRESSIVE;
				GCC_WARN_UNUSED_FUNCTION = YES;
				GCC_WARN_UNUSED_VARIABLE = YES;
				IPHONEOS_DEPLOYMENT_TARGET = 9.0;
				MTL_ENABLE_DEBUG_INFO = NO;
				SDKROOT = iphoneos;
				VALIDATE_PRODUCT = YES;
			};
			name = Release;
		};
		296906C21BAEEE8900B52648 /* Debug */ = {
			isa = XCBuildConfiguration;
			buildSettings = {
				ASSETCATALOG_COMPILER_APPICON_NAME = AppIcon;
				INFOPLIST_FILE = Delegation/Info.plist;
				LD_RUNPATH_SEARCH_PATHS = "$(inherited) @executable_path/Frameworks";
				PRODUCT_BUNDLE_IDENTIFIER = org.mhorga.Delegation;
				PRODUCT_NAME = "$(TARGET_NAME)";
			};
			name = Debug;
		};
		296906C31BAEEE8900B52648 /* Release */ = {
			isa = XCBuildConfiguration;
			buildSettings = {
				ASSETCATALOG_COMPILER_APPICON_NAME = AppIcon;
				INFOPLIST_FILE = Delegation/Info.plist;
				LD_RUNPATH_SEARCH_PATHS = "$(inherited) @executable_path/Frameworks";
				PRODUCT_BUNDLE_IDENTIFIER = org.mhorga.Delegation;
				PRODUCT_NAME = "$(TARGET_NAME)";
			};
			name = Release;
		};
/* End XCBuildConfiguration section */

/* Begin XCConfigurationList section */
		296906AA1BAEEE8900B52648 /* Build configuration list for PBXProject "Delegation" */ = {
			isa = XCConfigurationList;
			buildConfigurations = (
				296906BF1BAEEE8900B52648 /* Debug */,
				296906C01BAEEE8900B52648 /* Release */,
			);
			defaultConfigurationIsVisible = 0;
			defaultConfigurationName = Release;
		};
		296906C11BAEEE8900B52648 /* Build configuration list for PBXNativeTarget "Delegation" */ = {
			isa = XCConfigurationList;
			buildConfigurations = (
				296906C21BAEEE8900B52648 /* Debug */,
				296906C31BAEEE8900B52648 /* Release */,
			);
			defaultConfigurationIsVisible = 0;
		};
/* End XCConfigurationList section */
	};
	rootObject = 296906A71BAEEE8900B52648 /* Project object */;
}
